Microsoft Visual Studio Solution File, Format Version 11.00
# Visual Studio 2008

Project("{D0E2CA42-C2CA-F62D-1E4D-968E8A762E24}") = "NewCloud", "Assembly-CSharp.csproj", "{DB03177C-9CDD-5F36-0C97-77C2AB594905}"
EndProject
Project("{D0E2CA42-C2CA-F62D-1E4D-968E8A762E24}") = "NewCloud", "Assembly-CSharp-Editor.csproj", "{F866EED8-3D88-2D45-5C05-7B978E775475}"
EndProject
Project("{D0E2CA42-C2CA-F62D-1E4D-968E8A762E24}") = "NewCloud", "Assembly-UnityScript.unityproj", "{9D346348-47B7-C98C-65B7-C71EB05B9666}"
EndProject
Project("{D0E2CA42-C2CA-F62D-1E4D-968E8A762E24}") = "NewCloud", "Assembly-UnityScript-Editor-firstpass.unityproj", "{8CC876C1-C3D8-E559-1526-ADBA4987B758}"
EndProject
Global
	GlobalSection(SolutionConfigurationPlatforms) = preSolution
		Debug|Any CPU = Debug|Any CPU
		Release|Any CPU = Release|Any CPU
	EndGlobalSection
	GlobalSection(ProjectConfigurationPlatforms) = postSolution
		{DB03177C-9CDD-5F36-0C97-77C2AB594905}.Debug|Any CPU.ActiveCfg = Debug|Any CPU
		{DB03177C-9CDD-5F36-0C97-77C2AB594905}.Debug|Any CPU.Build.0 = Debug|Any CPU
		{DB03177C-9CDD-5F36-0C97-77C2AB594905}.Release|Any CPU.ActiveCfg = Release|Any CPU
		{DB03177C-9CDD-5F36-0C97-77C2AB594905}.Release|Any CPU.Build.0 = Release|Any CPU
		{F866EED8-3D88-2D45-5C05-7B978E775475}.Debug|Any CPU.ActiveCfg = Debug|Any CPU
		{F866EED8-3D88-2D45-5C05-7B978E775475}.Debug|Any CPU.Build.0 = Debug|Any CPU
		{F866EED8-3D88-2D45-5C05-7B978E775475}.Release|Any CPU.ActiveCfg = Release|Any CPU
		{F866EED8-3D88-2D45-5C05-7B978E775475}.Release|Any CPU.Build.0 = Release|Any CPU
		{9D346348-47B7-C98C-65B7-C71EB05B9666}.Debug|Any CPU.ActiveCfg = Debug|Any CPU
		{9D346348-47B7-C98C-65B7-C71EB05B9666}.Debug|Any CPU.Build.0 = Debug|Any CPU
		{9D346348-47B7-C98C-65B7-C71EB05B9666}.Release|Any CPU.ActiveCfg = Release|Any CPU
		{9D346348-47B7-C98C-65B7-C71EB05B9666}.Release|Any CPU.Build.0 = Release|Any CPU
		{8CC876C1-C3D8-E559-1526-ADBA4987B758}.Debug|Any CPU.ActiveCfg = Debug|Any CPU
		{8CC876C1-C3D8-E559-1526-ADBA4987B758}.Debug|Any CPU.Build.0 = Debug|Any CPU
		{8CC876C1-C3D8-E559-1526-ADBA4987B758}.Release|Any CPU.ActiveCfg = Release|Any CPU
		{8CC876C1-C3D8-E559-1526-ADBA4987B758}.Release|Any CPU.Build.0 = Release|Any CPU
	EndGlobalSection
	GlobalSection(SolutionProperties) = preSolution
		HideSolutionNode = FALSE
	EndGlobalSection
																			GlobalSection(MonoDevelopProperties) = preSolution
		StartupItem = Assembly-CSharp.csproj
		Policies = $0
		$0.TextStylePolicy = $1
		$1.inheritsSet = null
		$1.scope = text/x-csharp
		$0.CSharpFormattingPolicy = $2
		$2.inheritsSet = Mono
		$2.inheritsScope = text/x-csharp
		$2.scope = text/x-csharp
		$0.TextStylePolicy = $3
		$3.FileWidth = 120
		$3.TabWidth = 4
		$3.EolMarker = Unix
		$3.inheritsSet = Mono
		$3.inheritsScope = text/plain
		$3.scope = text/plain
	EndGlobalSection

EndGlobal
